
Microsoft Visual Studio Solution File, Format Version 12.00
# Visual Studio Version 17
VisualStudioVersion = 17.0.32112.339
MinimumVisualStudioVersion = 10.0.40219.1
Project("{9A19103F-16F7-4668-BE54-9A1E7A4F7556}") = "MJ_CAIS.Web", "MJ_CAIS.Web\MJ_CAIS.Web.csproj", "{EE99E4DF-62EF-4283-85D4-F5B7890AE5F6}"
EndProject
Project("{FAE04EC0-301F-11D3-BF4B-00C04F79EFBC}") = "MJ_CAIS.Common", "MJ_CAIS.Common\MJ_CAIS.Common.csproj", "{9C3C9788-857C-497A-AA31-EC10A442BE25}"
EndProject
Global
	GlobalSection(SolutionConfigurationPlatforms) = preSolution
		Debug|Any CPU = Debug|Any CPU
		Release|Any CPU = Release|Any CPU
	EndGlobalSection
	GlobalSection(ProjectConfigurationPlatforms) = postSolution
		{EE99E4DF-62EF-4283-85D4-F5B7890AE5F6}.Debug|Any CPU.ActiveCfg = Debug|Any CPU
		{EE99E4DF-62EF-4283-85D4-F5B7890AE5F6}.Debug|Any CPU.Build.0 = Debug|Any CPU
		{EE99E4DF-62EF-4283-85D4-F5B7890AE5F6}.Release|Any CPU.ActiveCfg = Release|Any CPU
		{EE99E4DF-62EF-4283-85D4-F5B7890AE5F6}.Release|Any CPU.Build.0 = Release|Any CPU
		{9C3C9788-857C-497A-AA31-EC10A442BE25}.Debug|Any CPU.ActiveCfg = Debug|Any CPU
		{9C3C9788-857C-497A-AA31-EC10A442BE25}.Debug|Any CPU.Build.0 = Debug|Any CPU
		{9C3C9788-857C-497A-AA31-EC10A442BE25}.Release|Any CPU.ActiveCfg = Release|Any CPU
		{9C3C9788-857C-497A-AA31-EC10A442BE25}.Release|Any CPU.Build.0 = Release|Any CPU
	EndGlobalSection
	GlobalSection(SolutionProperties) = preSolution
		HideSolutionNode = FALSE
	EndGlobalSection
	GlobalSection(ExtensibilityGlobals) = postSolution
		SolutionGuid = {94008A3B-3454-426F-AC73-E514A8FBE632}
	EndGlobalSection
EndGlobal
