
Microsoft Visual Studio Solution File, Format Version 12.00
# Visual Studio Version 17
VisualStudioVersion = 17.0.32112.339
MinimumVisualStudioVersion = 10.0.40219.1
Project("{9A19103F-16F7-4668-BE54-9A1E7A4F7556}") = "MJ_CAIS.Web", "MJ_CAIS.Web\MJ_CAIS.Web.csproj", "{EE99E4DF-62EF-4283-85D4-F5B7890AE5F6}"
EndProject
Project("{9A19103F-16F7-4668-BE54-9A1E7A4F7556}") = "MJ_CAIS.Common", "MJ_CAIS.Common\MJ_CAIS.Common.csproj", "{9C3C9788-857C-497A-AA31-EC10A442BE25}"
EndProject
Project("{9A19103F-16F7-4668-BE54-9A1E7A4F7556}") = "MJ_CAIS.DataAccess", "MJ_CAIS.DataAccess\MJ_CAIS.DataAccess.csproj", "{4EF79AD7-74D8-4BC8-B274-15B032DEDB0F}"
EndProject
Project("{9A19103F-16F7-4668-BE54-9A1E7A4F7556}") = "MJ_CAIS.Services", "MJ_CAIS.Services\MJ_CAIS.Services.csproj", "{073E7EE5-B7BC-46A9-A987-D905BA212DE1}"
EndProject
Project("{9A19103F-16F7-4668-BE54-9A1E7A4F7556}") = "MJ_CAIS.Services.Contracts", "MJ_CAIS.Services.Contracts\MJ_CAIS.Services.Contracts.csproj", "{2DC13D9E-7002-4823-8B96-B4D2479B9E3E}"
EndProject
Project("{9A19103F-16F7-4668-BE54-9A1E7A4F7556}") = "MJ_CAIS.AutoMapperContainer", "MJ_CAIS.AutoMapper\MJ_CAIS.AutoMapperContainer.csproj", "{FCE67816-1D72-4068-ACD4-AD5B658AB658}"
EndProject
Project("{9A19103F-16F7-4668-BE54-9A1E7A4F7556}") = "MJ_CAIS.Repositories", "MJ_CAIS.Repositories\MJ_CAIS.Repositories.csproj", "{B0C10717-416E-40BB-94E3-ECEDCDD55C85}"
EndProject
Project("{9A19103F-16F7-4668-BE54-9A1E7A4F7556}") = "MJ_CAIS.DTO", "MJ_CAIS.DTO\MJ_CAIS.DTO.csproj", "{C6B820CD-08CC-4BC0-BA3C-FA13E9CACEEB}"
EndProject
Project("{2150E333-8FDC-42A3-9474-1A3956D46DE8}") = "Solution Items", "Solution Items", "{581769BD-1AA6-4AC3-BE0F-DCBD441D6943}"
	ProjectSection(SolutionItems) = preProject
		.editorconfig = .editorconfig
	EndProjectSection
EndProject
Project("{9A19103F-16F7-4668-BE54-9A1E7A4F7556}") = "MJ_CAIS.DIContainer", "MJ_CAIS.DIContainer\MJ_CAIS.DIContainer.csproj", "{2B70984B-1DAF-4CB9-82C0-50A0759C8A93}"
EndProject
Project("{9A19103F-16F7-4668-BE54-9A1E7A4F7556}") = "MJ_CAIS.CodeGenerator", "MJ_CAIS.CodeGenerator\MJ_CAIS.CodeGenerator.csproj", "{AB5B8A08-CB15-41FA-B879-CF0FD1DD9453}"
EndProject
Project("{9A19103F-16F7-4668-BE54-9A1E7A4F7556}") = "MJ_CAIS.FluentValidators", "MJ_CAIS.FluentValidators\MJ_CAIS.FluentValidators.csproj", "{952A4E1E-A5CA-49D6-B8BA-F47AFC981E4F}"
EndProject
Project("{9A19103F-16F7-4668-BE54-9A1E7A4F7556}") = "MJ_CAIS.EntityTransform", "MJ_CAIS.EntityTransform\MJ_CAIS.EntityTransform.csproj", "{E2B01588-012F-458A-9F22-25C42581CED2}"
EndProject
Project("{9A19103F-16F7-4668-BE54-9A1E7A4F7556}") = "MJ_CAIS.ExternalWebServices", "MJ_CAIS.ExternalWebServices\MJ_CAIS.ExternalWebServices.csproj", "{BDD501C9-D1A1-4C34-8C10-2E90C4C4B72C}"
EndProject
Project("{9A19103F-16F7-4668-BE54-9A1E7A4F7556}") = "MJ_CAIS.WebPortal.Public", "MJ_CAIS.WebPortal.Public\MJ_CAIS.WebPortal.Public.csproj", "{25518EA5-3F59-474C-A79B-83A79E45919E}"
EndProject
Project("{9A19103F-16F7-4668-BE54-9A1E7A4F7556}") = "MJ_CAIS.WebPortal.Internal", "MJ_CAIS.WebPortal.Internal\MJ_CAIS.WebPortal.Internal.csproj", "{AC6EAA06-7170-4AD2-88E7-ED44D638213D}"
EndProject
Project("{9A19103F-16F7-4668-BE54-9A1E7A4F7556}") = "MJ_CAIS.WebSetup", "MJ_CAIS.WebSetup\MJ_CAIS.WebSetup.csproj", "{A75E6EDF-FF13-44DA-AF7E-16928F7B4B62}"
EndProject
Global
	GlobalSection(SolutionConfigurationPlatforms) = preSolution
		Debug|Any CPU = Debug|Any CPU
		Release|Any CPU = Release|Any CPU
	EndGlobalSection
	GlobalSection(ProjectConfigurationPlatforms) = postSolution
		{EE99E4DF-62EF-4283-85D4-F5B7890AE5F6}.Debug|Any CPU.ActiveCfg = Debug|Any CPU
		{EE99E4DF-62EF-4283-85D4-F5B7890AE5F6}.Debug|Any CPU.Build.0 = Debug|Any CPU
		{EE99E4DF-62EF-4283-85D4-F5B7890AE5F6}.Release|Any CPU.ActiveCfg = Release|Any CPU
		{EE99E4DF-62EF-4283-85D4-F5B7890AE5F6}.Release|Any CPU.Build.0 = Release|Any CPU
		{9C3C9788-857C-497A-AA31-EC10A442BE25}.Debug|Any CPU.ActiveCfg = Debug|Any CPU
		{9C3C9788-857C-497A-AA31-EC10A442BE25}.Debug|Any CPU.Build.0 = Debug|Any CPU
		{9C3C9788-857C-497A-AA31-EC10A442BE25}.Release|Any CPU.ActiveCfg = Release|Any CPU
		{9C3C9788-857C-497A-AA31-EC10A442BE25}.Release|Any CPU.Build.0 = Release|Any CPU
		{4EF79AD7-74D8-4BC8-B274-15B032DEDB0F}.Debug|Any CPU.ActiveCfg = Debug|Any CPU
		{4EF79AD7-74D8-4BC8-B274-15B032DEDB0F}.Debug|Any CPU.Build.0 = Debug|Any CPU
		{4EF79AD7-74D8-4BC8-B274-15B032DEDB0F}.Release|Any CPU.ActiveCfg = Release|Any CPU
		{4EF79AD7-74D8-4BC8-B274-15B032DEDB0F}.Release|Any CPU.Build.0 = Release|Any CPU
		{073E7EE5-B7BC-46A9-A987-D905BA212DE1}.Debug|Any CPU.ActiveCfg = Debug|Any CPU
		{073E7EE5-B7BC-46A9-A987-D905BA212DE1}.Debug|Any CPU.Build.0 = Debug|Any CPU
		{073E7EE5-B7BC-46A9-A987-D905BA212DE1}.Release|Any CPU.ActiveCfg = Release|Any CPU
		{073E7EE5-B7BC-46A9-A987-D905BA212DE1}.Release|Any CPU.Build.0 = Release|Any CPU
		{2DC13D9E-7002-4823-8B96-B4D2479B9E3E}.Debug|Any CPU.ActiveCfg = Debug|Any CPU
		{2DC13D9E-7002-4823-8B96-B4D2479B9E3E}.Debug|Any CPU.Build.0 = Debug|Any CPU
		{2DC13D9E-7002-4823-8B96-B4D2479B9E3E}.Release|Any CPU.ActiveCfg = Release|Any CPU
		{2DC13D9E-7002-4823-8B96-B4D2479B9E3E}.Release|Any CPU.Build.0 = Release|Any CPU
		{FCE67816-1D72-4068-ACD4-AD5B658AB658}.Debug|Any CPU.ActiveCfg = Debug|Any CPU
		{FCE67816-1D72-4068-ACD4-AD5B658AB658}.Debug|Any CPU.Build.0 = Debug|Any CPU
		{FCE67816-1D72-4068-ACD4-AD5B658AB658}.Release|Any CPU.ActiveCfg = Release|Any CPU
		{FCE67816-1D72-4068-ACD4-AD5B658AB658}.Release|Any CPU.Build.0 = Release|Any CPU
		{B0C10717-416E-40BB-94E3-ECEDCDD55C85}.Debug|Any CPU.ActiveCfg = Debug|Any CPU
		{B0C10717-416E-40BB-94E3-ECEDCDD55C85}.Debug|Any CPU.Build.0 = Debug|Any CPU
		{B0C10717-416E-40BB-94E3-ECEDCDD55C85}.Release|Any CPU.ActiveCfg = Release|Any CPU
		{B0C10717-416E-40BB-94E3-ECEDCDD55C85}.Release|Any CPU.Build.0 = Release|Any CPU
		{C6B820CD-08CC-4BC0-BA3C-FA13E9CACEEB}.Debug|Any CPU.ActiveCfg = Debug|Any CPU
		{C6B820CD-08CC-4BC0-BA3C-FA13E9CACEEB}.Debug|Any CPU.Build.0 = Debug|Any CPU
		{C6B820CD-08CC-4BC0-BA3C-FA13E9CACEEB}.Release|Any CPU.ActiveCfg = Release|Any CPU
		{C6B820CD-08CC-4BC0-BA3C-FA13E9CACEEB}.Release|Any CPU.Build.0 = Release|Any CPU
		{2B70984B-1DAF-4CB9-82C0-50A0759C8A93}.Debug|Any CPU.ActiveCfg = Debug|Any CPU
		{2B70984B-1DAF-4CB9-82C0-50A0759C8A93}.Debug|Any CPU.Build.0 = Debug|Any CPU
		{2B70984B-1DAF-4CB9-82C0-50A0759C8A93}.Release|Any CPU.ActiveCfg = Release|Any CPU
		{2B70984B-1DAF-4CB9-82C0-50A0759C8A93}.Release|Any CPU.Build.0 = Release|Any CPU
		{AB5B8A08-CB15-41FA-B879-CF0FD1DD9453}.Debug|Any CPU.ActiveCfg = Debug|Any CPU
		{AB5B8A08-CB15-41FA-B879-CF0FD1DD9453}.Debug|Any CPU.Build.0 = Debug|Any CPU
		{AB5B8A08-CB15-41FA-B879-CF0FD1DD9453}.Release|Any CPU.ActiveCfg = Release|Any CPU
		{AB5B8A08-CB15-41FA-B879-CF0FD1DD9453}.Release|Any CPU.Build.0 = Release|Any CPU
		{952A4E1E-A5CA-49D6-B8BA-F47AFC981E4F}.Debug|Any CPU.ActiveCfg = Debug|Any CPU
		{952A4E1E-A5CA-49D6-B8BA-F47AFC981E4F}.Debug|Any CPU.Build.0 = Debug|Any CPU
		{952A4E1E-A5CA-49D6-B8BA-F47AFC981E4F}.Release|Any CPU.ActiveCfg = Release|Any CPU
		{952A4E1E-A5CA-49D6-B8BA-F47AFC981E4F}.Release|Any CPU.Build.0 = Release|Any CPU
		{E2B01588-012F-458A-9F22-25C42581CED2}.Debug|Any CPU.ActiveCfg = Debug|Any CPU
		{E2B01588-012F-458A-9F22-25C42581CED2}.Debug|Any CPU.Build.0 = Debug|Any CPU
		{E2B01588-012F-458A-9F22-25C42581CED2}.Release|Any CPU.ActiveCfg = Release|Any CPU
		{E2B01588-012F-458A-9F22-25C42581CED2}.Release|Any CPU.Build.0 = Release|Any CPU
		{BDD501C9-D1A1-4C34-8C10-2E90C4C4B72C}.Debug|Any CPU.ActiveCfg = Debug|Any CPU
		{BDD501C9-D1A1-4C34-8C10-2E90C4C4B72C}.Debug|Any CPU.Build.0 = Debug|Any CPU
		{BDD501C9-D1A1-4C34-8C10-2E90C4C4B72C}.Release|Any CPU.ActiveCfg = Release|Any CPU
		{BDD501C9-D1A1-4C34-8C10-2E90C4C4B72C}.Release|Any CPU.Build.0 = Release|Any CPU
		{25518EA5-3F59-474C-A79B-83A79E45919E}.Debug|Any CPU.ActiveCfg = Debug|Any CPU
		{25518EA5-3F59-474C-A79B-83A79E45919E}.Debug|Any CPU.Build.0 = Debug|Any CPU
		{25518EA5-3F59-474C-A79B-83A79E45919E}.Release|Any CPU.ActiveCfg = Release|Any CPU
		{25518EA5-3F59-474C-A79B-83A79E45919E}.Release|Any CPU.Build.0 = Release|Any CPU
		{AC6EAA06-7170-4AD2-88E7-ED44D638213D}.Debug|Any CPU.ActiveCfg = Debug|Any CPU
		{AC6EAA06-7170-4AD2-88E7-ED44D638213D}.Debug|Any CPU.Build.0 = Debug|Any CPU
		{AC6EAA06-7170-4AD2-88E7-ED44D638213D}.Release|Any CPU.ActiveCfg = Release|Any CPU
		{AC6EAA06-7170-4AD2-88E7-ED44D638213D}.Release|Any CPU.Build.0 = Release|Any CPU
		{A75E6EDF-FF13-44DA-AF7E-16928F7B4B62}.Debug|Any CPU.ActiveCfg = Debug|Any CPU
		{A75E6EDF-FF13-44DA-AF7E-16928F7B4B62}.Debug|Any CPU.Build.0 = Debug|Any CPU
		{A75E6EDF-FF13-44DA-AF7E-16928F7B4B62}.Release|Any CPU.ActiveCfg = Release|Any CPU
		{A75E6EDF-FF13-44DA-AF7E-16928F7B4B62}.Release|Any CPU.Build.0 = Release|Any CPU
	EndGlobalSection
	GlobalSection(SolutionProperties) = preSolution
		HideSolutionNode = FALSE
	EndGlobalSection
	GlobalSection(NestedProjects) = preSolution
		{AB5B8A08-CB15-41FA-B879-CF0FD1DD9453} = {581769BD-1AA6-4AC3-BE0F-DCBD441D6943}
		{E2B01588-012F-458A-9F22-25C42581CED2} = {581769BD-1AA6-4AC3-BE0F-DCBD441D6943}
	EndGlobalSection
	GlobalSection(ExtensibilityGlobals) = postSolution
		SolutionGuid = {94008A3B-3454-426F-AC73-E514A8FBE632}
	EndGlobalSection
EndGlobal
