
Microsoft Visual Studio Solution File, Format Version 12.00
# Visual Studio Version 17
VisualStudioVersion = 17.0.32112.339
MinimumVisualStudioVersion = 10.0.40219.1
Project("{9A19103F-16F7-4668-BE54-9A1E7A4F7556}") = "EcrisRIClient", "EcrisRIClient\EcrisRIClient.csproj", "{4F14AA75-11D6-4079-9E3A-46DA4384ECA7}"
EndProject
Project("{9A19103F-16F7-4668-BE54-9A1E7A4F7556}") = "MJ_CAIS.Common", "..\..\MJ_CAIS.Common\MJ_CAIS.Common.csproj", "{916BAF7C-6F5E-47D9-ACAD-97C3E3C7C318}"
EndProject
Global
	GlobalSection(SolutionConfigurationPlatforms) = preSolution
		Debug|Any CPU = Debug|Any CPU
		Release|Any CPU = Release|Any CPU
	EndGlobalSection
	GlobalSection(ProjectConfigurationPlatforms) = postSolution
		{4F14AA75-11D6-4079-9E3A-46DA4384ECA7}.Debug|Any CPU.ActiveCfg = Debug|Any CPU
		{4F14AA75-11D6-4079-9E3A-46DA4384ECA7}.Debug|Any CPU.Build.0 = Debug|Any CPU
		{4F14AA75-11D6-4079-9E3A-46DA4384ECA7}.Release|Any CPU.ActiveCfg = Release|Any CPU
		{4F14AA75-11D6-4079-9E3A-46DA4384ECA7}.Release|Any CPU.Build.0 = Release|Any CPU
		{916BAF7C-6F5E-47D9-ACAD-97C3E3C7C318}.Debug|Any CPU.ActiveCfg = Debug|Any CPU
		{916BAF7C-6F5E-47D9-ACAD-97C3E3C7C318}.Debug|Any CPU.Build.0 = Debug|Any CPU
		{916BAF7C-6F5E-47D9-ACAD-97C3E3C7C318}.Release|Any CPU.ActiveCfg = Release|Any CPU
		{916BAF7C-6F5E-47D9-ACAD-97C3E3C7C318}.Release|Any CPU.Build.0 = Release|Any CPU
	EndGlobalSection
	GlobalSection(SolutionProperties) = preSolution
		HideSolutionNode = FALSE
	EndGlobalSection
	GlobalSection(ExtensibilityGlobals) = postSolution
		SolutionGuid = {6ED2135B-55AD-484A-AA9F-F19E14F80EE5}
	EndGlobalSection
EndGlobal
