
Microsoft Visual Studio Solution File, Format Version 12.00
# Visual Studio Version 17
VisualStudioVersion = 17.0.32112.339
MinimumVisualStudioVersion = 10.0.40219.1
Project("{9A19103F-16F7-4668-BE54-9A1E7A4F7556}") = "EcrisRIClient", "EcrisRIClient\EcrisRIClient.csproj", "{4F14AA75-11D6-4079-9E3A-46DA4384ECA7}"
EndProject
Project("{9A19103F-16F7-4668-BE54-9A1E7A4F7556}") = "MJ_CAIS.Common", "..\..\MJ_CAIS.Common\MJ_CAIS.Common.csproj", "{916BAF7C-6F5E-47D9-ACAD-97C3E3C7C318}"
EndProject
Project("{9A19103F-16F7-4668-BE54-9A1E7A4F7556}") = "MJ_CAIS.DataAccess", "..\..\MJ_CAIS.DataAccess\MJ_CAIS.DataAccess.csproj", "{B5E460CC-CB42-4E92-8CE4-E175B1903038}"
EndProject
Project("{9A19103F-16F7-4668-BE54-9A1E7A4F7556}") = "MJ_CAIS.DIContainer", "..\..\MJ_CAIS.DIContainer\MJ_CAIS.DIContainer.csproj", "{1E1EC533-F021-4D0B-96FB-B4E17EFEDE29}"
EndProject
Project("{9A19103F-16F7-4668-BE54-9A1E7A4F7556}") = "EcrisFromCAISDataImporter", "EcrisFromCAISDataImporter\EcrisFromCAISDataImporter.csproj", "{B67F743D-077F-4FA4-9E7B-D9FDE1CE51EA}"
EndProject
Project("{9A19103F-16F7-4668-BE54-9A1E7A4F7556}") = "EcrisToCAISExporter", "EcrisToCAISExporter\EcrisToCAISExporter.csproj", "{361636A0-0332-4F47-A09E-DA2D83D78B02}"
EndProject
Project("{9A19103F-16F7-4668-BE54-9A1E7A4F7556}") = "EcrisIntegrationServices", "EcrisServices\EcrisIntegrationServices.csproj", "{28869F75-B9B8-4761-B389-9238007E42C2}"
EndProject
Project("{9A19103F-16F7-4668-BE54-9A1E7A4F7556}") = "MJ_CAIS.ExternalWebServices", "..\..\MJ_CAIS.ExternalWebServices\MJ_CAIS.ExternalWebServices.csproj", "{4C6C955D-6FF5-4A9E-A684-A20DB95613A7}"
EndProject
Project("{9A19103F-16F7-4668-BE54-9A1E7A4F7556}") = "MJ_CAIS.DTO", "..\..\MJ_CAIS.DTO\MJ_CAIS.DTO.csproj", "{C50AE003-6B93-4D94-A9FC-3FFAAE594F1A}"
EndProject
Project("{9A19103F-16F7-4668-BE54-9A1E7A4F7556}") = "EcrisMessageCreator", "..\EcrisMessageCreator\EcrisMessageCreator\EcrisMessageCreator.csproj", "{004EFB67-90BC-438C-ACBA-79BF1D91D3B3}"
EndProject
Project("{9A19103F-16F7-4668-BE54-9A1E7A4F7556}") = "MJ_CAIS.EcrisObjectsServices", "..\..\MJ_CAIS.EcrisObjectsServices\MJ_CAIS.EcrisObjectsServices\MJ_CAIS.EcrisObjectsServices.csproj", "{0A69E708-EDD3-49ED-B008-D3E67853DCD3}"
EndProject
Project("{9A19103F-16F7-4668-BE54-9A1E7A4F7556}") = "MJ_CAIS.Services", "..\..\MJ_CAIS.Services\MJ_CAIS.Services.csproj", "{33AF94F4-4999-499D-AEC5-0CC0ED3B6CDE}"
EndProject
Project("{9A19103F-16F7-4668-BE54-9A1E7A4F7556}") = "MJ_CAIS.Services.Contracts", "..\..\MJ_CAIS.Services.Contracts\MJ_CAIS.Services.Contracts.csproj", "{D1F6DE8A-0C0D-477F-8FA9-22FE39CC3111}"
EndProject
Project("{9A19103F-16F7-4668-BE54-9A1E7A4F7556}") = "MJ_CAIS.Repositories", "..\..\MJ_CAIS.Repositories\MJ_CAIS.Repositories.csproj", "{DCE80D8C-A56A-489E-8835-DBFF9B441028}"
EndProject
Project("{9A19103F-16F7-4668-BE54-9A1E7A4F7556}") = "MJ_CAIS.EcrisObjectsServices.Contracts", "..\..\MJ_CAIS.EcrisObjectsServices.Contracts\MJ_CAIS.EcrisObjectsServices.Contracts.csproj", "{D4011734-E441-4EC2-8EAA-4D95414DF0D1}"
EndProject
Global
	GlobalSection(SolutionConfigurationPlatforms) = preSolution
		Debug|Any CPU = Debug|Any CPU
		Release|Any CPU = Release|Any CPU
	EndGlobalSection
	GlobalSection(ProjectConfigurationPlatforms) = postSolution
		{4F14AA75-11D6-4079-9E3A-46DA4384ECA7}.Debug|Any CPU.ActiveCfg = Debug|Any CPU
		{4F14AA75-11D6-4079-9E3A-46DA4384ECA7}.Debug|Any CPU.Build.0 = Debug|Any CPU
		{4F14AA75-11D6-4079-9E3A-46DA4384ECA7}.Release|Any CPU.ActiveCfg = Release|Any CPU
		{4F14AA75-11D6-4079-9E3A-46DA4384ECA7}.Release|Any CPU.Build.0 = Release|Any CPU
		{916BAF7C-6F5E-47D9-ACAD-97C3E3C7C318}.Debug|Any CPU.ActiveCfg = Debug|Any CPU
		{916BAF7C-6F5E-47D9-ACAD-97C3E3C7C318}.Debug|Any CPU.Build.0 = Debug|Any CPU
		{916BAF7C-6F5E-47D9-ACAD-97C3E3C7C318}.Release|Any CPU.ActiveCfg = Release|Any CPU
		{916BAF7C-6F5E-47D9-ACAD-97C3E3C7C318}.Release|Any CPU.Build.0 = Release|Any CPU
		{B5E460CC-CB42-4E92-8CE4-E175B1903038}.Debug|Any CPU.ActiveCfg = Debug|Any CPU
		{B5E460CC-CB42-4E92-8CE4-E175B1903038}.Debug|Any CPU.Build.0 = Debug|Any CPU
		{B5E460CC-CB42-4E92-8CE4-E175B1903038}.Release|Any CPU.ActiveCfg = Release|Any CPU
		{B5E460CC-CB42-4E92-8CE4-E175B1903038}.Release|Any CPU.Build.0 = Release|Any CPU
		{1E1EC533-F021-4D0B-96FB-B4E17EFEDE29}.Debug|Any CPU.ActiveCfg = Debug|Any CPU
		{1E1EC533-F021-4D0B-96FB-B4E17EFEDE29}.Debug|Any CPU.Build.0 = Debug|Any CPU
		{1E1EC533-F021-4D0B-96FB-B4E17EFEDE29}.Release|Any CPU.ActiveCfg = Release|Any CPU
		{1E1EC533-F021-4D0B-96FB-B4E17EFEDE29}.Release|Any CPU.Build.0 = Release|Any CPU
		{B67F743D-077F-4FA4-9E7B-D9FDE1CE51EA}.Debug|Any CPU.ActiveCfg = Debug|Any CPU
		{B67F743D-077F-4FA4-9E7B-D9FDE1CE51EA}.Debug|Any CPU.Build.0 = Debug|Any CPU
		{B67F743D-077F-4FA4-9E7B-D9FDE1CE51EA}.Release|Any CPU.ActiveCfg = Release|Any CPU
		{B67F743D-077F-4FA4-9E7B-D9FDE1CE51EA}.Release|Any CPU.Build.0 = Release|Any CPU
		{361636A0-0332-4F47-A09E-DA2D83D78B02}.Debug|Any CPU.ActiveCfg = Debug|Any CPU
		{361636A0-0332-4F47-A09E-DA2D83D78B02}.Debug|Any CPU.Build.0 = Debug|Any CPU
		{361636A0-0332-4F47-A09E-DA2D83D78B02}.Release|Any CPU.ActiveCfg = Release|Any CPU
		{361636A0-0332-4F47-A09E-DA2D83D78B02}.Release|Any CPU.Build.0 = Release|Any CPU
		{28869F75-B9B8-4761-B389-9238007E42C2}.Debug|Any CPU.ActiveCfg = Debug|Any CPU
		{28869F75-B9B8-4761-B389-9238007E42C2}.Debug|Any CPU.Build.0 = Debug|Any CPU
		{28869F75-B9B8-4761-B389-9238007E42C2}.Release|Any CPU.ActiveCfg = Release|Any CPU
		{28869F75-B9B8-4761-B389-9238007E42C2}.Release|Any CPU.Build.0 = Release|Any CPU
		{4C6C955D-6FF5-4A9E-A684-A20DB95613A7}.Debug|Any CPU.ActiveCfg = Debug|Any CPU
		{4C6C955D-6FF5-4A9E-A684-A20DB95613A7}.Debug|Any CPU.Build.0 = Debug|Any CPU
		{4C6C955D-6FF5-4A9E-A684-A20DB95613A7}.Release|Any CPU.ActiveCfg = Release|Any CPU
		{4C6C955D-6FF5-4A9E-A684-A20DB95613A7}.Release|Any CPU.Build.0 = Release|Any CPU
		{C50AE003-6B93-4D94-A9FC-3FFAAE594F1A}.Debug|Any CPU.ActiveCfg = Debug|Any CPU
		{C50AE003-6B93-4D94-A9FC-3FFAAE594F1A}.Debug|Any CPU.Build.0 = Debug|Any CPU
		{C50AE003-6B93-4D94-A9FC-3FFAAE594F1A}.Release|Any CPU.ActiveCfg = Release|Any CPU
		{C50AE003-6B93-4D94-A9FC-3FFAAE594F1A}.Release|Any CPU.Build.0 = Release|Any CPU
		{004EFB67-90BC-438C-ACBA-79BF1D91D3B3}.Debug|Any CPU.ActiveCfg = Debug|Any CPU
		{004EFB67-90BC-438C-ACBA-79BF1D91D3B3}.Debug|Any CPU.Build.0 = Debug|Any CPU
		{004EFB67-90BC-438C-ACBA-79BF1D91D3B3}.Release|Any CPU.ActiveCfg = Release|Any CPU
		{004EFB67-90BC-438C-ACBA-79BF1D91D3B3}.Release|Any CPU.Build.0 = Release|Any CPU
		{0A69E708-EDD3-49ED-B008-D3E67853DCD3}.Debug|Any CPU.ActiveCfg = Debug|Any CPU
		{0A69E708-EDD3-49ED-B008-D3E67853DCD3}.Debug|Any CPU.Build.0 = Debug|Any CPU
		{0A69E708-EDD3-49ED-B008-D3E67853DCD3}.Release|Any CPU.ActiveCfg = Release|Any CPU
		{0A69E708-EDD3-49ED-B008-D3E67853DCD3}.Release|Any CPU.Build.0 = Release|Any CPU
		{33AF94F4-4999-499D-AEC5-0CC0ED3B6CDE}.Debug|Any CPU.ActiveCfg = Debug|Any CPU
		{33AF94F4-4999-499D-AEC5-0CC0ED3B6CDE}.Debug|Any CPU.Build.0 = Debug|Any CPU
		{33AF94F4-4999-499D-AEC5-0CC0ED3B6CDE}.Release|Any CPU.ActiveCfg = Release|Any CPU
		{33AF94F4-4999-499D-AEC5-0CC0ED3B6CDE}.Release|Any CPU.Build.0 = Release|Any CPU
		{D1F6DE8A-0C0D-477F-8FA9-22FE39CC3111}.Debug|Any CPU.ActiveCfg = Debug|Any CPU
		{D1F6DE8A-0C0D-477F-8FA9-22FE39CC3111}.Debug|Any CPU.Build.0 = Debug|Any CPU
		{D1F6DE8A-0C0D-477F-8FA9-22FE39CC3111}.Release|Any CPU.ActiveCfg = Release|Any CPU
		{D1F6DE8A-0C0D-477F-8FA9-22FE39CC3111}.Release|Any CPU.Build.0 = Release|Any CPU
		{DCE80D8C-A56A-489E-8835-DBFF9B441028}.Debug|Any CPU.ActiveCfg = Debug|Any CPU
		{DCE80D8C-A56A-489E-8835-DBFF9B441028}.Debug|Any CPU.Build.0 = Debug|Any CPU
		{DCE80D8C-A56A-489E-8835-DBFF9B441028}.Release|Any CPU.ActiveCfg = Release|Any CPU
		{DCE80D8C-A56A-489E-8835-DBFF9B441028}.Release|Any CPU.Build.0 = Release|Any CPU
		{D4011734-E441-4EC2-8EAA-4D95414DF0D1}.Debug|Any CPU.ActiveCfg = Debug|Any CPU
		{D4011734-E441-4EC2-8EAA-4D95414DF0D1}.Debug|Any CPU.Build.0 = Debug|Any CPU
		{D4011734-E441-4EC2-8EAA-4D95414DF0D1}.Release|Any CPU.ActiveCfg = Release|Any CPU
		{D4011734-E441-4EC2-8EAA-4D95414DF0D1}.Release|Any CPU.Build.0 = Release|Any CPU
	EndGlobalSection
	GlobalSection(SolutionProperties) = preSolution
		HideSolutionNode = FALSE
	EndGlobalSection
	GlobalSection(ExtensibilityGlobals) = postSolution
		SolutionGuid = {6ED2135B-55AD-484A-AA9F-F19E14F80EE5}
	EndGlobalSection
EndGlobal
