
Microsoft Visual Studio Solution File, Format Version 12.00
# Visual Studio Version 17
VisualStudioVersion = 17.0.32112.339
MinimumVisualStudioVersion = 10.0.40219.1
Project("{FAE04EC0-301F-11D3-BF4B-00C04F79EFBC}") = "DBProject", "DBProject\DBProject.csproj", "{FE1C846C-CBB9-4C87-B0D0-B2AB51583AF9}"
EndProject
Global
	GlobalSection(SolutionConfigurationPlatforms) = preSolution
		Debug|Any CPU = Debug|Any CPU
		Release|Any CPU = Release|Any CPU
	EndGlobalSection
	GlobalSection(ProjectConfigurationPlatforms) = postSolution
		{FE1C846C-CBB9-4C87-B0D0-B2AB51583AF9}.Debug|Any CPU.ActiveCfg = Debug|Any CPU
		{FE1C846C-CBB9-4C87-B0D0-B2AB51583AF9}.Debug|Any CPU.Build.0 = Debug|Any CPU
		{FE1C846C-CBB9-4C87-B0D0-B2AB51583AF9}.Release|Any CPU.ActiveCfg = Release|Any CPU
		{FE1C846C-CBB9-4C87-B0D0-B2AB51583AF9}.Release|Any CPU.Build.0 = Release|Any CPU
	EndGlobalSection
	GlobalSection(SolutionProperties) = preSolution
		HideSolutionNode = FALSE
	EndGlobalSection
	GlobalSection(ExtensibilityGlobals) = postSolution
		SolutionGuid = {33DCA5C0-390D-4DF6-9DF8-6FD895F972E8}
	EndGlobalSection
EndGlobal
